
Microsoft Visual Studio Solution File, Format Version 12.00
# Visual Studio Version 17
VisualStudioVersion = 17.6.33815.320
MinimumVisualStudioVersion = 10.0.40219.1
Project("{9A19103F-16F7-4668-BE54-9A1E7A4F7556}") = "Task1А.CSharpBase", "Task.CSharpBase\Task1А.CSharpBase.csproj", "{021C6F1C-9D91-403E-B1AA-D21882331CAF}"
EndProject
Project("{2150E333-8FDC-42A3-9474-1A3956D46DE8}") = "Practice1", "Practice1", "{62371CFB-7284-498E-8E82-1E9484EAB6C7}"
EndProject
Project("{9A19103F-16F7-4668-BE54-9A1E7A4F7556}") = "Task1B", "Task1B\Task1B.csproj", "{56C227D4-5C15-48B5-BE21-57960E5ECB90}"
EndProject
Project("{9A19103F-16F7-4668-BE54-9A1E7A4F7556}") = "Task2", "Task2\Task2.csproj", "{E562F03B-5730-42C4-8427-E0ABA01542BD}"
EndProject
Project("{9A19103F-16F7-4668-BE54-9A1E7A4F7556}") = "Task3", "Task3\Task3.csproj", "{5644EE4E-EE26-4B80-B047-FAA46E6EF7C6}"
EndProject
Project("{9A19103F-16F7-4668-BE54-9A1E7A4F7556}") = "Task4", "Task4\Task4.csproj", "{08D98B1D-C3F6-4987-99AC-ECB7E6834EB4}"
EndProject
Project("{9A19103F-16F7-4668-BE54-9A1E7A4F7556}") = "Task5", "Task5\Task5.csproj", "{A8B43C8F-6B85-41AF-85DB-780E0FD5651A}"
EndProject
Project("{9A19103F-16F7-4668-BE54-9A1E7A4F7556}") = "Task6", "Task6\Task6.csproj", "{2183E211-D4FA-4797-9228-AFDFB70802F6}"
EndProject
Project("{9A19103F-16F7-4668-BE54-9A1E7A4F7556}") = "Task7", "Task7\Task7.csproj", "{255FF1B8-8618-4BF2-B82A-52023D24F869}"
EndProject
Project("{2150E333-8FDC-42A3-9474-1A3956D46DE8}") = "Practice2", "Practice2", "{2C6FDDA7-5A01-4994-9D84-F7265643BF7C}"
EndProject
Project("{9A19103F-16F7-4668-BE54-9A1E7A4F7556}") = "Practice2.Task1", "Practice2.Task1\Practice2.Task1.csproj", "{7F6EC4A5-C7C3-4988-8CD8-61C969665309}"
EndProject
Project("{9A19103F-16F7-4668-BE54-9A1E7A4F7556}") = "Practice2.Task2", "Practice2.Task2\Practice2.Task2.csproj", "{980372FE-81AA-489B-B865-5EFCA3288DB0}"
EndProject
Project("{9A19103F-16F7-4668-BE54-9A1E7A4F7556}") = "Practice2.Task3", "Practice2.Task3\Practice2.Task3.csproj", "{35AC8148-8B98-4269-89B5-E8734045C60F}"
EndProject
Project("{9A19103F-16F7-4668-BE54-9A1E7A4F7556}") = "Practice2.Task4", "Practice2.Task4\Practice2.Task4.csproj", "{86F79EFF-3CB3-4B88-A86A-A5F52D491002}"
EndProject
Project("{FAE04EC0-301F-11D3-BF4B-00C04F79EFBC}") = "Practice2.Task5", "Practice2.Task5\Practice2.Task5.csproj", "{79BBC042-3D15-423F-9A1A-48037A4D5878}"
EndProject
Project("{FAE04EC0-301F-11D3-BF4B-00C04F79EFBC}") = "Practice2.Task6", "Practice2.Task6\Practice2.Task6.csproj", "{C80E1DAF-9D91-4BAD-8142-D7E1ECAF6C3D}"
EndProject
Project("{FAE04EC0-301F-11D3-BF4B-00C04F79EFBC}") = "Practice2.Task7", "Practice2.Task7\Practice2.Task7.csproj", "{6C997D30-050E-4707-9703-88E35C43C620}"
EndProject
Project("{FAE04EC0-301F-11D3-BF4B-00C04F79EFBC}") = "Practice2.Task8", "Practice2.Task8\Practice2.Task8.csproj", "{664F2822-0FFA-4DB8-8E6F-011BC0947CFA}"
EndProject
Project("{FAE04EC0-301F-11D3-BF4B-00C04F79EFBC}") = "Practice2.Task9", "Practice2.Task9\Practice2.Task9.csproj", "{5C1E79CB-318B-4688-B8F6-1CEC2957F279}"
EndProject
Project("{FAE04EC0-301F-11D3-BF4B-00C04F79EFBC}") = "Practice2.Task10", "Practice2.Task10\Practice2.Task10.csproj", "{DB9F997B-5AB4-4234-BF3F-3570FC83B2A2}"
EndProject
Global
	GlobalSection(SolutionConfigurationPlatforms) = preSolution
		Debug|Any CPU = Debug|Any CPU
		Release|Any CPU = Release|Any CPU
	EndGlobalSection
	GlobalSection(ProjectConfigurationPlatforms) = postSolution
		{021C6F1C-9D91-403E-B1AA-D21882331CAF}.Debug|Any CPU.ActiveCfg = Debug|Any CPU
		{021C6F1C-9D91-403E-B1AA-D21882331CAF}.Debug|Any CPU.Build.0 = Debug|Any CPU
		{021C6F1C-9D91-403E-B1AA-D21882331CAF}.Release|Any CPU.ActiveCfg = Release|Any CPU
		{021C6F1C-9D91-403E-B1AA-D21882331CAF}.Release|Any CPU.Build.0 = Release|Any CPU
		{56C227D4-5C15-48B5-BE21-57960E5ECB90}.Debug|Any CPU.ActiveCfg = Debug|Any CPU
		{56C227D4-5C15-48B5-BE21-57960E5ECB90}.Debug|Any CPU.Build.0 = Debug|Any CPU
		{56C227D4-5C15-48B5-BE21-57960E5ECB90}.Release|Any CPU.ActiveCfg = Release|Any CPU
		{56C227D4-5C15-48B5-BE21-57960E5ECB90}.Release|Any CPU.Build.0 = Release|Any CPU
		{E562F03B-5730-42C4-8427-E0ABA01542BD}.Debug|Any CPU.ActiveCfg = Debug|Any CPU
		{E562F03B-5730-42C4-8427-E0ABA01542BD}.Debug|Any CPU.Build.0 = Debug|Any CPU
		{E562F03B-5730-42C4-8427-E0ABA01542BD}.Release|Any CPU.ActiveCfg = Release|Any CPU
		{E562F03B-5730-42C4-8427-E0ABA01542BD}.Release|Any CPU.Build.0 = Release|Any CPU
		{5644EE4E-EE26-4B80-B047-FAA46E6EF7C6}.Debug|Any CPU.ActiveCfg = Debug|Any CPU
		{5644EE4E-EE26-4B80-B047-FAA46E6EF7C6}.Debug|Any CPU.Build.0 = Debug|Any CPU
		{5644EE4E-EE26-4B80-B047-FAA46E6EF7C6}.Release|Any CPU.ActiveCfg = Release|Any CPU
		{5644EE4E-EE26-4B80-B047-FAA46E6EF7C6}.Release|Any CPU.Build.0 = Release|Any CPU
		{08D98B1D-C3F6-4987-99AC-ECB7E6834EB4}.Debug|Any CPU.ActiveCfg = Debug|Any CPU
		{08D98B1D-C3F6-4987-99AC-ECB7E6834EB4}.Debug|Any CPU.Build.0 = Debug|Any CPU
		{08D98B1D-C3F6-4987-99AC-ECB7E6834EB4}.Release|Any CPU.ActiveCfg = Release|Any CPU
		{08D98B1D-C3F6-4987-99AC-ECB7E6834EB4}.Release|Any CPU.Build.0 = Release|Any CPU
		{A8B43C8F-6B85-41AF-85DB-780E0FD5651A}.Debug|Any CPU.ActiveCfg = Debug|Any CPU
		{A8B43C8F-6B85-41AF-85DB-780E0FD5651A}.Debug|Any CPU.Build.0 = Debug|Any CPU
		{A8B43C8F-6B85-41AF-85DB-780E0FD5651A}.Release|Any CPU.ActiveCfg = Release|Any CPU
		{A8B43C8F-6B85-41AF-85DB-780E0FD5651A}.Release|Any CPU.Build.0 = Release|Any CPU
		{2183E211-D4FA-4797-9228-AFDFB70802F6}.Debug|Any CPU.ActiveCfg = Debug|Any CPU
		{2183E211-D4FA-4797-9228-AFDFB70802F6}.Debug|Any CPU.Build.0 = Debug|Any CPU
		{2183E211-D4FA-4797-9228-AFDFB70802F6}.Release|Any CPU.ActiveCfg = Release|Any CPU
		{2183E211-D4FA-4797-9228-AFDFB70802F6}.Release|Any CPU.Build.0 = Release|Any CPU
		{255FF1B8-8618-4BF2-B82A-52023D24F869}.Debug|Any CPU.ActiveCfg = Debug|Any CPU
		{255FF1B8-8618-4BF2-B82A-52023D24F869}.Debug|Any CPU.Build.0 = Debug|Any CPU
		{255FF1B8-8618-4BF2-B82A-52023D24F869}.Release|Any CPU.ActiveCfg = Release|Any CPU
		{255FF1B8-8618-4BF2-B82A-52023D24F869}.Release|Any CPU.Build.0 = Release|Any CPU
		{7F6EC4A5-C7C3-4988-8CD8-61C969665309}.Debug|Any CPU.ActiveCfg = Debug|Any CPU
		{7F6EC4A5-C7C3-4988-8CD8-61C969665309}.Debug|Any CPU.Build.0 = Debug|Any CPU
		{7F6EC4A5-C7C3-4988-8CD8-61C969665309}.Release|Any CPU.ActiveCfg = Release|Any CPU
		{7F6EC4A5-C7C3-4988-8CD8-61C969665309}.Release|Any CPU.Build.0 = Release|Any CPU
		{980372FE-81AA-489B-B865-5EFCA3288DB0}.Debug|Any CPU.ActiveCfg = Debug|Any CPU
		{980372FE-81AA-489B-B865-5EFCA3288DB0}.Debug|Any CPU.Build.0 = Debug|Any CPU
		{980372FE-81AA-489B-B865-5EFCA3288DB0}.Release|Any CPU.ActiveCfg = Release|Any CPU
		{980372FE-81AA-489B-B865-5EFCA3288DB0}.Release|Any CPU.Build.0 = Release|Any CPU
		{35AC8148-8B98-4269-89B5-E8734045C60F}.Debug|Any CPU.ActiveCfg = Debug|Any CPU
		{35AC8148-8B98-4269-89B5-E8734045C60F}.Debug|Any CPU.Build.0 = Debug|Any CPU
		{35AC8148-8B98-4269-89B5-E8734045C60F}.Release|Any CPU.ActiveCfg = Release|Any CPU
		{35AC8148-8B98-4269-89B5-E8734045C60F}.Release|Any CPU.Build.0 = Release|Any CPU
		{86F79EFF-3CB3-4B88-A86A-A5F52D491002}.Debug|Any CPU.ActiveCfg = Debug|Any CPU
		{86F79EFF-3CB3-4B88-A86A-A5F52D491002}.Debug|Any CPU.Build.0 = Debug|Any CPU
		{86F79EFF-3CB3-4B88-A86A-A5F52D491002}.Release|Any CPU.ActiveCfg = Release|Any CPU
		{86F79EFF-3CB3-4B88-A86A-A5F52D491002}.Release|Any CPU.Build.0 = Release|Any CPU
		{79BBC042-3D15-423F-9A1A-48037A4D5878}.Debug|Any CPU.ActiveCfg = Debug|Any CPU
		{79BBC042-3D15-423F-9A1A-48037A4D5878}.Debug|Any CPU.Build.0 = Debug|Any CPU
		{79BBC042-3D15-423F-9A1A-48037A4D5878}.Release|Any CPU.ActiveCfg = Release|Any CPU
		{79BBC042-3D15-423F-9A1A-48037A4D5878}.Release|Any CPU.Build.0 = Release|Any CPU
		{C80E1DAF-9D91-4BAD-8142-D7E1ECAF6C3D}.Debug|Any CPU.ActiveCfg = Debug|Any CPU
		{C80E1DAF-9D91-4BAD-8142-D7E1ECAF6C3D}.Debug|Any CPU.Build.0 = Debug|Any CPU
		{C80E1DAF-9D91-4BAD-8142-D7E1ECAF6C3D}.Release|Any CPU.ActiveCfg = Release|Any CPU
		{C80E1DAF-9D91-4BAD-8142-D7E1ECAF6C3D}.Release|Any CPU.Build.0 = Release|Any CPU
		{6C997D30-050E-4707-9703-88E35C43C620}.Debug|Any CPU.ActiveCfg = Debug|Any CPU
		{6C997D30-050E-4707-9703-88E35C43C620}.Debug|Any CPU.Build.0 = Debug|Any CPU
		{6C997D30-050E-4707-9703-88E35C43C620}.Release|Any CPU.ActiveCfg = Release|Any CPU
		{6C997D30-050E-4707-9703-88E35C43C620}.Release|Any CPU.Build.0 = Release|Any CPU
		{664F2822-0FFA-4DB8-8E6F-011BC0947CFA}.Debug|Any CPU.ActiveCfg = Debug|Any CPU
		{664F2822-0FFA-4DB8-8E6F-011BC0947CFA}.Debug|Any CPU.Build.0 = Debug|Any CPU
		{664F2822-0FFA-4DB8-8E6F-011BC0947CFA}.Release|Any CPU.ActiveCfg = Release|Any CPU
		{664F2822-0FFA-4DB8-8E6F-011BC0947CFA}.Release|Any CPU.Build.0 = Release|Any CPU
		{5C1E79CB-318B-4688-B8F6-1CEC2957F279}.Debug|Any CPU.ActiveCfg = Debug|Any CPU
		{5C1E79CB-318B-4688-B8F6-1CEC2957F279}.Debug|Any CPU.Build.0 = Debug|Any CPU
		{5C1E79CB-318B-4688-B8F6-1CEC2957F279}.Release|Any CPU.ActiveCfg = Release|Any CPU
		{5C1E79CB-318B-4688-B8F6-1CEC2957F279}.Release|Any CPU.Build.0 = Release|Any CPU
		{DB9F997B-5AB4-4234-BF3F-3570FC83B2A2}.Debug|Any CPU.ActiveCfg = Debug|Any CPU
		{DB9F997B-5AB4-4234-BF3F-3570FC83B2A2}.Debug|Any CPU.Build.0 = Debug|Any CPU
		{DB9F997B-5AB4-4234-BF3F-3570FC83B2A2}.Release|Any CPU.ActiveCfg = Release|Any CPU
		{DB9F997B-5AB4-4234-BF3F-3570FC83B2A2}.Release|Any CPU.Build.0 = Release|Any CPU
	EndGlobalSection
	GlobalSection(SolutionProperties) = preSolution
		HideSolutionNode = FALSE
	EndGlobalSection
	GlobalSection(NestedProjects) = preSolution
		{021C6F1C-9D91-403E-B1AA-D21882331CAF} = {62371CFB-7284-498E-8E82-1E9484EAB6C7}
		{56C227D4-5C15-48B5-BE21-57960E5ECB90} = {62371CFB-7284-498E-8E82-1E9484EAB6C7}
		{E562F03B-5730-42C4-8427-E0ABA01542BD} = {62371CFB-7284-498E-8E82-1E9484EAB6C7}
		{5644EE4E-EE26-4B80-B047-FAA46E6EF7C6} = {62371CFB-7284-498E-8E82-1E9484EAB6C7}
		{08D98B1D-C3F6-4987-99AC-ECB7E6834EB4} = {62371CFB-7284-498E-8E82-1E9484EAB6C7}
		{A8B43C8F-6B85-41AF-85DB-780E0FD5651A} = {62371CFB-7284-498E-8E82-1E9484EAB6C7}
		{2183E211-D4FA-4797-9228-AFDFB70802F6} = {62371CFB-7284-498E-8E82-1E9484EAB6C7}
		{255FF1B8-8618-4BF2-B82A-52023D24F869} = {62371CFB-7284-498E-8E82-1E9484EAB6C7}
		{7F6EC4A5-C7C3-4988-8CD8-61C969665309} = {2C6FDDA7-5A01-4994-9D84-F7265643BF7C}
		{980372FE-81AA-489B-B865-5EFCA3288DB0} = {2C6FDDA7-5A01-4994-9D84-F7265643BF7C}
		{35AC8148-8B98-4269-89B5-E8734045C60F} = {2C6FDDA7-5A01-4994-9D84-F7265643BF7C}
		{86F79EFF-3CB3-4B88-A86A-A5F52D491002} = {2C6FDDA7-5A01-4994-9D84-F7265643BF7C}
		{79BBC042-3D15-423F-9A1A-48037A4D5878} = {2C6FDDA7-5A01-4994-9D84-F7265643BF7C}
		{C80E1DAF-9D91-4BAD-8142-D7E1ECAF6C3D} = {2C6FDDA7-5A01-4994-9D84-F7265643BF7C}
		{6C997D30-050E-4707-9703-88E35C43C620} = {2C6FDDA7-5A01-4994-9D84-F7265643BF7C}
		{664F2822-0FFA-4DB8-8E6F-011BC0947CFA} = {2C6FDDA7-5A01-4994-9D84-F7265643BF7C}
		{5C1E79CB-318B-4688-B8F6-1CEC2957F279} = {2C6FDDA7-5A01-4994-9D84-F7265643BF7C}
		{DB9F997B-5AB4-4234-BF3F-3570FC83B2A2} = {2C6FDDA7-5A01-4994-9D84-F7265643BF7C}
	EndGlobalSection
	GlobalSection(ExtensibilityGlobals) = postSolution
		SolutionGuid = {2D74AE30-8313-41F2-8266-497CDCE36106}
	EndGlobalSection
EndGlobal
